// !$*UTF8*$!
{
	archiveVersion = 1;
	classes = {
	};
	objectVersion = 56;
	objects = {

/* Begin PBXBuildFile section */
		AA000001 /* BankongSetonStudentApp.swift in Sources */ = {isa = PBXBuildFile; fileRef = BB000001 /* BankongSetonStudentApp.swift */; };
		AA000002 /* ContentView.swift in Sources */ = {isa = PBXBuildFile; fileRef = BB000002 /* ContentView.swift */; };
		AA000003 /* KeychainHelper.swift in Sources */ = {isa = PBXBuildFile; fileRef = BB000003 /* KeychainHelper.swift */; };
		AA000004 /* APIEndpoints.swift in Sources */ = {isa = PBXBuildFile; fileRef = BB000004 /* APIEndpoints.swift */; };
		AA000005 /* APIClient.swift in Sources */ = {isa = PBXBuildFile; fileRef = BB000005 /* APIClient.swift */; };
		AA000006 /* AuthManager.swift in Sources */ = {isa = PBXBuildFile; fileRef = BB000006 /* AuthManager.swift */; };
		AA000007 /* LoginModels.swift in Sources */ = {isa = PBXBuildFile; fileRef = BB000007 /* LoginModels.swift */; };
		AA000008 /* BalanceModels.swift in Sources */ = {isa = PBXBuildFile; fileRef = BB000008 /* BalanceModels.swift */; };
		AA000009 /* TransactionModels.swift in Sources */ = {isa = PBXBuildFile; fileRef = BB000009 /* TransactionModels.swift */; };
		AA000010 /* BudgetModels.swift in Sources */ = {isa = PBXBuildFile; fileRef = BB000010 /* BudgetModels.swift */; };
		AA000011 /* LoginViewModel.swift in Sources */ = {isa = PBXBuildFile; fileRef = BB000011 /* LoginViewModel.swift */; };
		AA000012 /* LoginView.swift in Sources */ = {isa = PBXBuildFile; fileRef = BB000012 /* LoginView.swift */; };
		AA000013 /* HomeViewModel.swift in Sources */ = {isa = PBXBuildFile; fileRef = BB000013 /* HomeViewModel.swift */; };
		AA000014 /* HomeView.swift in Sources */ = {isa = PBXBuildFile; fileRef = BB000014 /* HomeView.swift */; };
		AA000015 /* TransactionRowView.swift in Sources */ = {isa = PBXBuildFile; fileRef = BB000015 /* TransactionRowView.swift */; };
		AA000016 /* TransactionsViewModel.swift in Sources */ = {isa = PBXBuildFile; fileRef = BB000016 /* TransactionsViewModel.swift */; };
		AA000017 /* TransactionsView.swift in Sources */ = {isa = PBXBuildFile; fileRef = BB000017 /* TransactionsView.swift */; };
		AA000018 /* ReceiptView.swift in Sources */ = {isa = PBXBuildFile; fileRef = BB000018 /* ReceiptView.swift */; };
		AA000019 /* MainTabView.swift in Sources */ = {isa = PBXBuildFile; fileRef = BB000019 /* MainTabView.swift */; };
		AA000020 /* BudgetViewModel.swift in Sources */ = {isa = PBXBuildFile; fileRef = BB000020 /* BudgetViewModel.swift */; };
		AA000021 /* BudgetView.swift in Sources */ = {isa = PBXBuildFile; fileRef = BB000021 /* BudgetView.swift */; };
		AA000022 /* SettingsViewModel.swift in Sources */ = {isa = PBXBuildFile; fileRef = BB000022 /* SettingsViewModel.swift */; };
		AA000023 /* SettingsView.swift in Sources */ = {isa = PBXBuildFile; fileRef = BB000023 /* SettingsView.swift */; };
		AA000024 /* LostCardView.swift in Sources */ = {isa = PBXBuildFile; fileRef = BB000024 /* LostCardView.swift */; };
		AA000025 /* Assets.xcassets in Resources */ = {isa = PBXBuildFile; fileRef = BB000025 /* Assets.xcassets */; };
/* End PBXBuildFile section */

/* Begin PBXFileReference section */
		BB000001 /* BankongSetonStudentApp.swift */ = {isa = PBXFileReference; lastKnownFileType = sourcecode.swift; path = BankongSetonStudentApp.swift; sourceTree = "<group>"; };
		BB000002 /* ContentView.swift */ = {isa = PBXFileReference; lastKnownFileType = sourcecode.swift; path = ContentView.swift; sourceTree = "<group>"; };
		BB000003 /* KeychainHelper.swift */ = {isa = PBXFileReference; lastKnownFileType = sourcecode.swift; path = KeychainHelper.swift; sourceTree = "<group>"; };
		BB000004 /* APIEndpoints.swift */ = {isa = PBXFileReference; lastKnownFileType = sourcecode.swift; path = APIEndpoints.swift; sourceTree = "<group>"; };
		BB000005 /* APIClient.swift */ = {isa = PBXFileReference; lastKnownFileType = sourcecode.swift; path = APIClient.swift; sourceTree = "<group>"; };
		BB000006 /* AuthManager.swift */ = {isa = PBXFileReference; lastKnownFileType = sourcecode.swift; path = AuthManager.swift; sourceTree = "<group>"; };
		BB000007 /* LoginModels.swift */ = {isa = PBXFileReference; lastKnownFileType = sourcecode.swift; path = LoginModels.swift; sourceTree = "<group>"; };
		BB000008 /* BalanceModels.swift */ = {isa = PBXFileReference; lastKnownFileType = sourcecode.swift; path = BalanceModels.swift; sourceTree = "<group>"; };
		BB000009 /* TransactionModels.swift */ = {isa = PBXFileReference; lastKnownFileType = sourcecode.swift; path = TransactionModels.swift; sourceTree = "<group>"; };
		BB000010 /* BudgetModels.swift */ = {isa = PBXFileReference; lastKnownFileType = sourcecode.swift; path = BudgetModels.swift; sourceTree = "<group>"; };
		BB000011 /* LoginViewModel.swift */ = {isa = PBXFileReference; lastKnownFileType = sourcecode.swift; path = LoginViewModel.swift; sourceTree = "<group>"; };
		BB000012 /* LoginView.swift */ = {isa = PBXFileReference; lastKnownFileType = sourcecode.swift; path = LoginView.swift; sourceTree = "<group>"; };
		BB000013 /* HomeViewModel.swift */ = {isa = PBXFileReference; lastKnownFileType = sourcecode.swift; path = HomeViewModel.swift; sourceTree = "<group>"; };
		BB000014 /* HomeView.swift */ = {isa = PBXFileReference; lastKnownFileType = sourcecode.swift; path = HomeView.swift; sourceTree = "<group>"; };
		BB000015 /* TransactionRowView.swift */ = {isa = PBXFileReference; lastKnownFileType = sourcecode.swift; path = TransactionRowView.swift; sourceTree = "<group>"; };
		BB000016 /* TransactionsViewModel.swift */ = {isa = PBXFileReference; lastKnownFileType = sourcecode.swift; path = TransactionsViewModel.swift; sourceTree = "<group>"; };
		BB000017 /* TransactionsView.swift */ = {isa = PBXFileReference; lastKnownFileType = sourcecode.swift; path = TransactionsView.swift; sourceTree = "<group>"; };
		BB000018 /* ReceiptView.swift */ = {isa = PBXFileReference; lastKnownFileType = sourcecode.swift; path = ReceiptView.swift; sourceTree = "<group>"; };
		BB000019 /* MainTabView.swift */ = {isa = PBXFileReference; lastKnownFileType = sourcecode.swift; path = MainTabView.swift; sourceTree = "<group>"; };
		BB000020 /* BudgetViewModel.swift */ = {isa = PBXFileReference; lastKnownFileType = sourcecode.swift; path = BudgetViewModel.swift; sourceTree = "<group>"; };
		BB000021 /* BudgetView.swift */ = {isa = PBXFileReference; lastKnownFileType = sourcecode.swift; path = BudgetView.swift; sourceTree = "<group>"; };
		BB000022 /* SettingsViewModel.swift */ = {isa = PBXFileReference; lastKnownFileType = sourcecode.swift; path = SettingsViewModel.swift; sourceTree = "<group>"; };
		BB000023 /* SettingsView.swift */ = {isa = PBXFileReference; lastKnownFileType = sourcecode.swift; path = SettingsView.swift; sourceTree = "<group>"; };
		BB000024 /* LostCardView.swift */ = {isa = PBXFileReference; lastKnownFileType = sourcecode.swift; path = LostCardView.swift; sourceTree = "<group>"; };
		CC000001 /* BankongSetonStudent.app */ = {isa = PBXFileReference; explicitFileType = wrapper.application; includeInIndex = 0; path = BankongSetonStudent.app; sourceTree = BUILT_PRODUCTS_DIR; };
		BB000025 /* Assets.xcassets */ = {isa = PBXFileReference; lastKnownFileType = folder.assetcatalog; path = Assets.xcassets; sourceTree = "<group>"; };
/* End PBXFileReference section */

/* Begin PBXFrameworksBuildPhase section */
		DD000001 /* Frameworks */ = {
			isa = PBXFrameworksBuildPhase;
			buildActionMask = 2147483647;
			files = (
			);
			runOnlyForDeploymentPostprocessing = 0;
		};
/* End PBXFrameworksBuildPhase section */

/* Begin PBXGroup section */
		EE000000 /* root */ = {
			isa = PBXGroup;
			children = (
				EE000001 /* BankongSetonStudent */,
				EE000099 /* Products */,
			);
			sourceTree = "<group>";
		};
		EE000099 /* Products */ = {
			isa = PBXGroup;
			children = (
				CC000001 /* BankongSetonStudent.app */,
			);
			name = Products;
			sourceTree = "<group>";
		};
		EE000001 /* BankongSetonStudent */ = {
			isa = PBXGroup;
			children = (
				EE000002 /* App */,
				EE000003 /* Core */,
				EE000007 /* Models */,
				EE000008 /* ViewModels */,
				EE000009 /* Views */,
				BB000025 /* Assets.xcassets */,
			);
			name = BankongSetonStudent;
			sourceTree = "<group>";
		};
		EE000002 /* App */ = {
			isa = PBXGroup;
			children = (
				BB000001 /* BankongSetonStudentApp.swift */,
				BB000002 /* ContentView.swift */,
			);
			path = App;
			sourceTree = "<group>";
		};
		EE000003 /* Core */ = {
			isa = PBXGroup;
			children = (
				EE000004 /* Keychain */,
				EE000005 /* Network */,
				EE000006 /* Auth */,
			);
			path = Core;
			sourceTree = "<group>";
		};
		EE000004 /* Keychain */ = {
			isa = PBXGroup;
			children = (
				BB000003 /* KeychainHelper.swift */,
			);
			path = Keychain;
			sourceTree = "<group>";
		};
		EE000005 /* Network */ = {
			isa = PBXGroup;
			children = (
				BB000004 /* APIEndpoints.swift */,
				BB000005 /* APIClient.swift */,
			);
			path = Network;
			sourceTree = "<group>";
		};
		EE000006 /* Auth */ = {
			isa = PBXGroup;
			children = (
				BB000006 /* AuthManager.swift */,
			);
			path = Auth;
			sourceTree = "<group>";
		};
		EE000007 /* Models */ = {
			isa = PBXGroup;
			children = (
				BB000007 /* LoginModels.swift */,
				BB000008 /* BalanceModels.swift */,
				BB000009 /* TransactionModels.swift */,
				BB000010 /* BudgetModels.swift */,
			);
			path = Models;
			sourceTree = "<group>";
		};
		EE000008 /* ViewModels */ = {
			isa = PBXGroup;
			children = (
				BB000011 /* LoginViewModel.swift */,
				BB000013 /* HomeViewModel.swift */,
				BB000016 /* TransactionsViewModel.swift */,
				BB000020 /* BudgetViewModel.swift */,
				BB000022 /* SettingsViewModel.swift */,
			);
			path = ViewModels;
			sourceTree = "<group>";
		};
		EE000009 /* Views */ = {
			isa = PBXGroup;
			children = (
				EE000010 /* Auth */,
				EE000011 /* Home */,
				EE000012 /* Transactions */,
				EE000013 /* Receipt */,
				EE000014 /* Budget */,
				EE000015 /* Settings */,
				EE000016 /* LostCard */,
				BB000019 /* MainTabView.swift */,
			);
			path = Views;
			sourceTree = "<group>";
		};
		EE000010 /* Auth */ = {
			isa = PBXGroup;
			children = (
				BB000012 /* LoginView.swift */,
			);
			path = Auth;
			sourceTree = "<group>";
		};
		EE000011 /* Home */ = {
			isa = PBXGroup;
			children = (
				BB000014 /* HomeView.swift */,
			);
			path = Home;
			sourceTree = "<group>";
		};
		EE000012 /* Transactions */ = {
			isa = PBXGroup;
			children = (
				BB000015 /* TransactionRowView.swift */,
				BB000017 /* TransactionsView.swift */,
			);
			path = Transactions;
			sourceTree = "<group>";
		};
		EE000013 /* Receipt */ = {
			isa = PBXGroup;
			children = (
				BB000018 /* ReceiptView.swift */,
			);
			path = Receipt;
			sourceTree = "<group>";
		};
		EE000014 /* Budget */ = {
			isa = PBXGroup;
			children = (
				BB000021 /* BudgetView.swift */,
			);
			path = Budget;
			sourceTree = "<group>";
		};
		EE000015 /* Settings */ = {
			isa = PBXGroup;
			children = (
				BB000023 /* SettingsView.swift */,
			);
			path = Settings;
			sourceTree = "<group>";
		};
		EE000016 /* LostCard */ = {
			isa = PBXGroup;
			children = (
				BB000024 /* LostCardView.swift */,
			);
			path = LostCard;
			sourceTree = "<group>";
		};
/* End PBXGroup section */

/* Begin PBXNativeTarget section */
		FF000001 /* BankongSetonStudent */ = {
			isa = PBXNativeTarget;
			buildConfigurationList = FF000010 /* Build configuration list for PBXNativeTarget "BankongSetonStudent" */;
			buildPhases = (
				FF000002 /* Sources */,
				DD000001 /* Frameworks */,
				FF000003 /* Resources */,
			);
			buildRules = (
			);
			dependencies = (
			);
			name = BankongSetonStudent;
			productName = BankongSetonStudent;
			productReference = CC000001 /* BankongSetonStudent.app */;
			productType = "com.apple.product-type.application";
		};
/* End PBXNativeTarget section */

/* Begin PBXProject section */
		FF000000 /* Project object */ = {
			isa = PBXProject;
			attributes = {
				BuildIndependentTargetsInParallel = 1;
				LastSwiftUpdateCheck = 1500;
				LastUpgradeCheck = 1500;
				TargetAttributes = {
					FF000001 = {
						CreatedOnToolsVersion = 15.0;
					};
				};
			};
			buildConfigurationList = FF000020 /* Build configuration list for PBXProject "BankongSetonStudent" */;
			compatibilityVersion = "Xcode 14.0";
			developmentRegion = en;
			hasScannedForEncodings = 0;
			knownRegions = (
				en,
				Base,
			);
			mainGroup = EE000000;
			productRefGroup = EE000099 /* Products */;
			projectDirPath = "";
			projectRoot = "";
			targets = (
				FF000001 /* BankongSetonStudent */,
			);
		};
/* End PBXProject section */

/* Begin PBXResourcesBuildPhase section */
		FF000003 /* Resources */ = {
			isa = PBXResourcesBuildPhase;
			buildActionMask = 2147483647;
			files = (
				AA000025 /* Assets.xcassets in Resources */,
			);
			runOnlyForDeploymentPostprocessing = 0;
		};
/* End PBXResourcesBuildPhase section */

/* Begin PBXSourcesBuildPhase section */
		FF000002 /* Sources */ = {
			isa = PBXSourcesBuildPhase;
			buildActionMask = 2147483647;
			files = (
				AA000001 /* BankongSetonStudentApp.swift in Sources */,
				AA000002 /* ContentView.swift in Sources */,
				AA000003 /* KeychainHelper.swift in Sources */,
				AA000004 /* APIEndpoints.swift in Sources */,
				AA000005 /* APIClient.swift in Sources */,
				AA000006 /* AuthManager.swift in Sources */,
				AA000007 /* LoginModels.swift in Sources */,
				AA000008 /* BalanceModels.swift in Sources */,
				AA000009 /* TransactionModels.swift in Sources */,
				AA000010 /* BudgetModels.swift in Sources */,
				AA000011 /* LoginViewModel.swift in Sources */,
				AA000012 /* LoginView.swift in Sources */,
				AA000013 /* HomeViewModel.swift in Sources */,
				AA000014 /* HomeView.swift in Sources */,
				AA000015 /* TransactionRowView.swift in Sources */,
				AA000016 /* TransactionsViewModel.swift in Sources */,
				AA000017 /* TransactionsView.swift in Sources */,
				AA000018 /* ReceiptView.swift in Sources */,
				AA000019 /* MainTabView.swift in Sources */,
				AA000020 /* BudgetViewModel.swift in Sources */,
				AA000021 /* BudgetView.swift in Sources */,
				AA000022 /* SettingsViewModel.swift in Sources */,
				AA000023 /* SettingsView.swift in Sources */,
				AA000024 /* LostCardView.swift in Sources */,
			);
			runOnlyForDeploymentPostprocessing = 0;
		};
/* End PBXSourcesBuildPhase section */

/* Begin XCBuildConfiguration section */
		FF000011 /* Debug */ = {
			isa = XCBuildConfiguration;
			buildSettings = {
				ALWAYS_SEARCH_USER_PATHS = NO;
				ASSETCATALOG_COMPILER_GENERATE_SWIFT_ASSET_SYMBOL_EXTENSIONS = YES;
				CLANG_ANALYZER_NONNULL = YES;
				CLANG_ANALYZER_NUMBER_OBJECT_CONVERSION = YES_AGGRESSIVE;
				CLANG_CXX_LANGUAGE_STANDARD = "gnu++20";
				CLANG_ENABLE_MODULES = YES;
				CLANG_ENABLE_OBJC_ARC = YES;
				CLANG_ENABLE_OBJC_WEAK = YES;
				CLANG_WARN_BLOCK_CAPTURE_AUTORELEASING = YES;
				CLANG_WARN_BOOL_CONVERSION = YES;
				CLANG_WARN_COMMA = YES;
				CLANG_WARN_CONSTANT_CONVERSION = YES;
				CLANG_WARN_DEPRECATED_OBJC_IMPLEMENTATIONS = YES;
				CLANG_WARN_DIRECT_OBJC_ISA_USAGE = YES_ERROR;
				CLANG_WARN_DOCUMENTATION_COMMENTS = YES;
				CLANG_WARN_EMPTY_BODY = YES;
				CLANG_WARN_ENUM_CONVERSION = YES;
				CLANG_WARN_INFINITE_RECURSION = YES;
				CLANG_WARN_INT_CONVERSION = YES;
				CLANG_WARN_NON_LITERAL_NULL_CONVERSION = YES;
				CLANG_WARN_OBJC_IMPLICIT_RETAIN_SELF = YES;
				CLANG_WARN_OBJC_LITERAL_CONVERSION = YES;
				CLANG_WARN_OBJC_ROOT_CLASS = YES_ERROR;
				CLANG_WARN_QUOTED_INCLUDE_IN_FRAMEWORK_HEADER = YES;
				CLANG_WARN_RANGE_LOOP_ANALYSIS = YES;
				CLANG_WARN_STRICT_PROTOTYPES = YES;
				CLANG_WARN_SUSPICIOUS_MOVE = YES;
				CLANG_WARN_UNGUARDED_AVAILABILITY = YES_AGGRESSIVE;
				CLANG_WARN_UNREACHABLE_CODE = YES;
				CLANG_WARN__DUPLICATE_METHOD_MATCH = YES;
				COPY_PHASE_STRIP = NO;
				DEBUG_INFORMATION_FORMAT = dwarf;
				ENABLE_STRICT_OBJC_MSGSEND = YES;
				ENABLE_TESTABILITY = YES;
				ENABLE_USER_SCRIPT_SANDBOXING = YES;
				GCC_C_LANGUAGE_STANDARD = gnu17;
				GCC_DYNAMIC_NO_PIC = NO;
				GCC_NO_COMMON_BLOCKS = YES;
				GCC_OPTIMIZATION_LEVEL = 0;
				GCC_PREPROCESSOR_DEFINITIONS = (
					"DEBUG=1",
					"$(inherited)",
				);
				GCC_WARN_64_TO_32_BIT_CONVERSION = YES;
				GCC_WARN_ABOUT_RETURN_TYPE = YES_ERROR;
				GCC_WARN_UNDECLARED_SELECTOR = YES;
				GCC_WARN_UNINITIALIZED_AUTOS = YES_AGGRESSIVE;
				GCC_WARN_UNUSED_FUNCTION = YES;
				GCC_WARN_UNUSED_VARIABLE = YES;
				IPHONEOS_DEPLOYMENT_TARGET = 16.0;
				MTL_ENABLE_DEBUG_INFO = INCLUDE_SOURCE;
				MTL_FAST_MATH = YES;
				ONLY_ACTIVE_ARCH = YES;
				SDKROOT = iphoneos;
				SWIFT_ACTIVE_COMPILATION_CONDITIONS = DEBUG;
				SWIFT_OPTIMIZATION_LEVEL = "-Onone";
			};
			name = Debug;
		};
		FF000012 /* Release */ = {
			isa = XCBuildConfiguration;
			buildSettings = {
				ALWAYS_SEARCH_USER_PATHS = NO;
				ASSETCATALOG_COMPILER_GENERATE_SWIFT_ASSET_SYMBOL_EXTENSIONS = YES;
				CLANG_ANALYZER_NONNULL = YES;
				CLANG_ANALYZER_NUMBER_OBJECT_CONVERSION = YES_AGGRESSIVE;
				CLANG_CXX_LANGUAGE_STANDARD = "gnu++20";
				CLANG_ENABLE_MODULES = YES;
				CLANG_ENABLE_OBJC_ARC = YES;
				CLANG_ENABLE_OBJC_WEAK = YES;
				CLANG_WARN_BLOCK_CAPTURE_AUTORELEASING = YES;
				CLANG_WARN_BOOL_CONVERSION = YES;
				CLANG_WARN_COMMA = YES;
				CLANG_WARN_CONSTANT_CONVERSION = YES;
				CLANG_WARN_DEPRECATED_OBJC_IMPLEMENTATIONS = YES;
				CLANG_WARN_DIRECT_OBJC_ISA_USAGE = YES_ERROR;
				CLANG_WARN_DOCUMENTATION_COMMENTS = YES;
				CLANG_WARN_EMPTY_BODY = YES;
				CLANG_WARN_ENUM_CONVERSION = YES;
				CLANG_WARN_INFINITE_RECURSION = YES;
				CLANG_WARN_INT_CONVERSION = YES;
				CLANG_WARN_NON_LITERAL_NULL_CONVERSION = YES;
				CLANG_WARN_OBJC_IMPLICIT_RETAIN_SELF = YES;
				CLANG_WARN_OBJC_LITERAL_CONVERSION = YES;
				CLANG_WARN_OBJC_ROOT_CLASS = YES_ERROR;
				CLANG_WARN_QUOTED_INCLUDE_IN_FRAMEWORK_HEADER = YES;
				CLANG_WARN_RANGE_LOOP_ANALYSIS = YES;
				CLANG_WARN_STRICT_PROTOTYPES = YES;
				CLANG_WARN_SUSPICIOUS_MOVE = YES;
				CLANG_WARN_UNGUARDED_AVAILABILITY = YES_AGGRESSIVE;
				CLANG_WARN_UNREACHABLE_CODE = YES;
				CLANG_WARN__DUPLICATE_METHOD_MATCH = YES;
				COPY_PHASE_STRIP = NO;
				DEBUG_INFORMATION_FORMAT = "dwarf-with-dsym";
				ENABLE_NS_ASSERTIONS = NO;
				ENABLE_STRICT_OBJC_MSGSEND = YES;
				ENABLE_USER_SCRIPT_SANDBOXING = YES;
				GCC_C_LANGUAGE_STANDARD = gnu17;
				GCC_NO_COMMON_BLOCKS = YES;
				GCC_WARN_64_TO_32_BIT_CONVERSION = YES;
				GCC_WARN_ABOUT_RETURN_TYPE = YES_ERROR;
				GCC_WARN_UNDECLARED_SELECTOR = YES;
				GCC_WARN_UNINITIALIZED_AUTOS = YES_AGGRESSIVE;
				GCC_WARN_UNUSED_FUNCTION = YES;
				GCC_WARN_UNUSED_VARIABLE = YES;
				IPHONEOS_DEPLOYMENT_TARGET = 16.0;
				MTL_FAST_MATH = YES;
				SDKROOT = iphoneos;
				SWIFT_COMPILATION_MODE = wholemodule;
				SWIFT_OPTIMIZATION_LEVEL = "-O";
				VALIDATE_PRODUCT = YES;
			};
			name = Release;
		};
		FF000013 /* Debug (target) */ = {
			isa = XCBuildConfiguration;
			buildSettings = {
				ASSETCATALOG_COMPILER_APPICON_NAME = AppIcon;
				ASSETCATALOG_COMPILER_GLOBAL_ACCENT_COLOR_NAME = AccentColor;
				CODE_SIGN_STYLE = Automatic;
				CURRENT_PROJECT_VERSION = 1;
				DEVELOPMENT_ASSET_PATHS = "";
				ENABLE_PREVIEWS = YES;
				GENERATE_INFOPLIST_FILE = YES;
				INFOPLIST_KEY_UIApplicationSceneManifest_Generation = YES;
				INFOPLIST_KEY_UIApplicationSupportsIndirectInputEvents = YES;
				INFOPLIST_KEY_UILaunchScreen_Generation = YES;
				INFOPLIST_KEY_UISupportedInterfaceOrientations_iPhone = "UIInterfaceOrientationPortrait UIInterfaceOrientationLandscapeLeft UIInterfaceOrientationLandscapeRight";
				LD_RUNPATH_SEARCH_PATHS = (
					"$(inherited)",
					"@executable_path/Frameworks",
				);
				MARKETING_VERSION = 1.0;
				PRODUCT_BUNDLE_IDENTIFIER = com.bankongseton.student;
				PRODUCT_NAME = "$(TARGET_NAME)";
				SWIFT_EMIT_LOC_STRINGS = YES;
				SWIFT_VERSION = 5.0;
				TARGETED_DEVICE_FAMILY = 1;
			};
			name = Debug;
		};
		FF000014 /* Release (target) */ = {
			isa = XCBuildConfiguration;
			buildSettings = {
				ASSETCATALOG_COMPILER_APPICON_NAME = AppIcon;
				ASSETCATALOG_COMPILER_GLOBAL_ACCENT_COLOR_NAME = AccentColor;
				CODE_SIGN_STYLE = Automatic;
				CURRENT_PROJECT_VERSION = 1;
				DEVELOPMENT_ASSET_PATHS = "";
				ENABLE_PREVIEWS = YES;
				GENERATE_INFOPLIST_FILE = YES;
				INFOPLIST_KEY_UIApplicationSceneManifest_Generation = YES;
				INFOPLIST_KEY_UIApplicationSupportsIndirectInputEvents = YES;
				INFOPLIST_KEY_UILaunchScreen_Generation = YES;
				INFOPLIST_KEY_UISupportedInterfaceOrientations_iPhone = "UIInterfaceOrientationPortrait UIInterfaceOrientationLandscapeLeft UIInterfaceOrientationLandscapeRight";
				LD_RUNPATH_SEARCH_PATHS = (
					"$(inherited)",
					"@executable_path/Frameworks",
				);
				MARKETING_VERSION = 1.0;
				PRODUCT_BUNDLE_IDENTIFIER = com.bankongseton.student;
				PRODUCT_NAME = "$(TARGET_NAME)";
				SWIFT_EMIT_LOC_STRINGS = YES;
				SWIFT_VERSION = 5.0;
				TARGETED_DEVICE_FAMILY = 1;
			};
			name = Release;
		};
/* End XCBuildConfiguration section */

/* Begin XCConfigurationList section */
		FF000020 /* Build configuration list for PBXProject "BankongSetonStudent" */ = {
			isa = XCConfigurationList;
			buildConfigurations = (
				FF000011 /* Debug */,
				FF000012 /* Release */,
			);
			defaultConfigurationIsVisible = 0;
			defaultConfigurationName = Release;
		};
		FF000010 /* Build configuration list for PBXNativeTarget "BankongSetonStudent" */ = {
			isa = XCConfigurationList;
			buildConfigurations = (
				FF000013 /* Debug (target) */,
				FF000014 /* Release (target) */,
			);
			defaultConfigurationIsVisible = 0;
			defaultConfigurationName = Release;
		};
/* End XCConfigurationList section */

	};
	rootObject = FF000000 /* Project object */;
}
